lockfileVersion: '9.0'

settings:
  autoInstallPeers: true
  excludeLinksFromLockfile: false

importers:

  .:
    dependencies:
      '@hotwired/stimulus':
        specifier: ^3.2.2
        version: 3.2.2
    devDependencies:
      '@biomejs/biome':
        specifier: 2.0.5
        version: 2.0.5
      '@tailwindcss/typography':
        specifier: ^0.5.16
        version: 0.5.16(tailwindcss@4.1.10)
      '@tailwindcss/vite':
        specifier: ^4.1.10
        version: 4.1.10(vite@7.0.0(@types/node@24.0.4)(jiti@2.4.2)(lightningcss@1.30.1))
      '@types/node':
        specifier: ^24.0.4
        version: 24.0.4
      tailwindcss:
        specifier: ^4.1.10
        version: 4.1.10
      typescript:
        specifier: ^5.8.3
        version: 5.8.3
      vite:
        specifier: 7.0.0
        version: 7.0.0(@types/node@24.0.4)(jiti@2.4.2)(lightningcss@1.30.1)

packages:

  '@ampproject/remapping@2.3.0':
    resolution: {integrity: sha512-30iZtAPgz+LTIYoeivqYo853f02jBYSd5uGnGpkFV0M3xOt9aN73erkgYAmZU43x4VfqcnLxW9Kpg3R5LC4YYw==}
    engines: {node: '>=6.0.0'}

  '@biomejs/biome@2.0.5':
    resolution: {integrity: sha512-MztFGhE6cVjf3QmomWu83GpTFyWY8KIcskgRf2AqVEMSH4qI4rNdBLdpAQ11TNK9pUfLGz3IIOC1ZYwgBePtig==}
    engines: {node: '>=14.21.3'}
    hasBin: true

  '@biomejs/cli-darwin-arm64@2.0.5':
    resolution: {integrity: sha512-VIIWQv9Rcj9XresjCf3isBFfWjFStsdGZvm8SmwJzKs/22YQj167ge7DkxuaaZbNf2kmYif0AcjAKvtNedEoEw==}
    engines: {node: '>=14.21.3'}
    cpu: [arm64]
    os: [darwin]

  '@biomejs/cli-darwin-x64@2.0.5':
    resolution: {integrity: sha512-DRpGxBgf5Z7HUFcNUB6n66UiD4VlBlMpngNf32wPraxX8vYU6N9cb3xQWOXIQVBBQ64QfsSLJnjNu79i/LNmSg==}
    engines: {node: '>=14.21.3'}
    cpu: [x64]
    os: [darwin]

  '@biomejs/cli-linux-arm64-musl@2.0.5':
    resolution: {integrity: sha512-OpflTCOw/ElEs7QZqN/HFaSViPHjAsAPxFJ22LhWUWvuJgcy/Z8+hRV0/3mk/ZRWy5A6fCDKHZqAxU+xB6W4mA==}
    engines: {node: '>=14.21.3'}
    cpu: [arm64]
    os: [linux]

  '@biomejs/cli-linux-arm64@2.0.5':
    resolution: {integrity: sha512-FQTfDNMXOknf8+g9Eede2daaduRjTC2SNbfWPNFMadN9K3UKjeZ62jwiYxztPaz9zQQsZU8VbddQIaeQY5CmIA==}
    engines: {node: '>=14.21.3'}
    cpu: [arm64]
    os: [linux]

  '@biomejs/cli-linux-x64-musl@2.0.5':
    resolution: {integrity: sha512-9lmjCnajAzpZXbav2P6D87ugkhnaDpJtDvOH5uQbY2RXeW6Rq18uOUltxgacGBP+d8GusTr+s3IFOu7SN0Ok8g==}
    engines: {node: '>=14.21.3'}
    cpu: [x64]
    os: [linux]

  '@biomejs/cli-linux-x64@2.0.5':
    resolution: {integrity: sha512-znpfydUDPuDkyBTulnODrQVK2FaG/4hIOPcQSsF2GeauQOYrBAOplj0etGB0NUrr0dFsvaQ15nzDXYb60ACoiw==}
    engines: {node: '>=14.21.3'}
    cpu: [x64]
    os: [linux]

  '@biomejs/cli-win32-arm64@2.0.5':
    resolution: {integrity: sha512-CP2wKQB+gh8HdJTFKYRFETqReAjxlcN9AlYDEoye8v2eQp+L9v+PUeDql/wsbaUhSsLR0sjj3PtbBtt+02AN3A==}
    engines: {node: '>=14.21.3'}
    cpu: [arm64]
    os: [win32]

  '@biomejs/cli-win32-x64@2.0.5':
    resolution: {integrity: sha512-Sw3rz2m6bBADeQpr3+MD7Ch4E1l15DTt/+dfqKnwkm3cn4BrYwnArmvKeZdVsFRDjMyjlKIP88bw1r7o+9aqzw==}
    engines: {node: '>=14.21.3'}
    cpu: [x64]
    os: [win32]

  '@esbuild/aix-ppc64@0.25.5':
    resolution: {integrity: sha512-9o3TMmpmftaCMepOdA5k/yDw8SfInyzWWTjYTFCX3kPSDJMROQTb8jg+h9Cnwnmm1vOzvxN7gIfB5V2ewpjtGA==}
    engines: {node: '>=18'}
    cpu: [ppc64]
    os: [aix]

  '@esbuild/android-arm64@0.25.5':
    resolution: {integrity: sha512-VGzGhj4lJO+TVGV1v8ntCZWJktV7SGCs3Pn1GRWI1SBFtRALoomm8k5E9Pmwg3HOAal2VDc2F9+PM/rEY6oIDg==}
    engines: {node: '>=18'}
    cpu: [arm64]
    os: [android]

  '@esbuild/android-arm@0.25.5':
    resolution: {integrity: sha512-AdJKSPeEHgi7/ZhuIPtcQKr5RQdo6OO2IL87JkianiMYMPbCtot9fxPbrMiBADOWWm3T2si9stAiVsGbTQFkbA==}
    engines: {node: '>=18'}
    cpu: [arm]
    os: [android]

  '@esbuild/android-x64@0.25.5':
    resolution: {integrity: sha512-D2GyJT1kjvO//drbRT3Hib9XPwQeWd9vZoBJn+bu/lVsOZ13cqNdDeqIF/xQ5/VmWvMduP6AmXvylO/PIc2isw==}
    engines: {node: '>=18'}
    cpu: [x64]
    os: [android]

  '@esbuild/darwin-arm64@0.25.5':
    resolution: {integrity: sha512-GtaBgammVvdF7aPIgH2jxMDdivezgFu6iKpmT+48+F8Hhg5J/sfnDieg0aeG/jfSvkYQU2/pceFPDKlqZzwnfQ==}
    engines: {node: '>=18'}
    cpu: [arm64]
    os: [darwin]

  '@esbuild/darwin-x64@0.25.5':
    resolution: {integrity: sha512-1iT4FVL0dJ76/q1wd7XDsXrSW+oLoquptvh4CLR4kITDtqi2e/xwXwdCVH8hVHU43wgJdsq7Gxuzcs6Iq/7bxQ==}
    engines: {node: '>=18'}
    cpu: [x64]
    os: [darwin]

  '@esbuild/freebsd-arm64@0.25.5':
    resolution: {integrity: sha512-nk4tGP3JThz4La38Uy/gzyXtpkPW8zSAmoUhK9xKKXdBCzKODMc2adkB2+8om9BDYugz+uGV7sLmpTYzvmz6Sw==}
    engines: {node: '>=18'}
    cpu: [arm64]
    os: [freebsd]

  '@esbuild/freebsd-x64@0.25.5':
    resolution: {integrity: sha512-PrikaNjiXdR2laW6OIjlbeuCPrPaAl0IwPIaRv+SMV8CiM8i2LqVUHFC1+8eORgWyY7yhQY+2U2fA55mBzReaw==}
    engines: {node: '>=18'}
    cpu: [x64]
    os: [freebsd]

  '@esbuild/linux-arm64@0.25.5':
    resolution: {integrity: sha512-Z9kfb1v6ZlGbWj8EJk9T6czVEjjq2ntSYLY2cw6pAZl4oKtfgQuS4HOq41M/BcoLPzrUbNd+R4BXFyH//nHxVg==}
    engines: {node: '>=18'}
    cpu: [arm64]
    os: [linux]

  '@esbuild/linux-arm@0.25.5':
    resolution: {integrity: sha512-cPzojwW2okgh7ZlRpcBEtsX7WBuqbLrNXqLU89GxWbNt6uIg78ET82qifUy3W6OVww6ZWobWub5oqZOVtwolfw==}
    engines: {node: '>=18'}
    cpu: [arm]
    os: [linux]

  '@esbuild/linux-ia32@0.25.5':
    resolution: {integrity: sha512-sQ7l00M8bSv36GLV95BVAdhJ2QsIbCuCjh/uYrWiMQSUuV+LpXwIqhgJDcvMTj+VsQmqAHL2yYaasENvJ7CDKA==}
    engines: {node: '>=18'}
    cpu: [ia32]
    os: [linux]

  '@esbuild/linux-loong64@0.25.5':
    resolution: {integrity: sha512-0ur7ae16hDUC4OL5iEnDb0tZHDxYmuQyhKhsPBV8f99f6Z9KQM02g33f93rNH5A30agMS46u2HP6qTdEt6Q1kg==}
    engines: {node: '>=18'}
    cpu: [loong64]
    os: [linux]

  '@esbuild/linux-mips64el@0.25.5':
    resolution: {integrity: sha512-kB/66P1OsHO5zLz0i6X0RxlQ+3cu0mkxS3TKFvkb5lin6uwZ/ttOkP3Z8lfR9mJOBk14ZwZ9182SIIWFGNmqmg==}
    engines: {node: '>=18'}
    cpu: [mips64el]
    os: [linux]

  '@esbuild/linux-ppc64@0.25.5':
    resolution: {integrity: sha512-UZCmJ7r9X2fe2D6jBmkLBMQetXPXIsZjQJCjgwpVDz+YMcS6oFR27alkgGv3Oqkv07bxdvw7fyB71/olceJhkQ==}
    engines: {node: '>=18'}
    cpu: [ppc64]
    os: [linux]

  '@esbuild/linux-riscv64@0.25.5':
    resolution: {integrity: sha512-kTxwu4mLyeOlsVIFPfQo+fQJAV9mh24xL+y+Bm6ej067sYANjyEw1dNHmvoqxJUCMnkBdKpvOn0Ahql6+4VyeA==}
    engines: {node: '>=18'}
    cpu: [riscv64]
    os: [linux]

  '@esbuild/linux-s390x@0.25.5':
    resolution: {integrity: sha512-K2dSKTKfmdh78uJ3NcWFiqyRrimfdinS5ErLSn3vluHNeHVnBAFWC8a4X5N+7FgVE1EjXS1QDZbpqZBjfrqMTQ==}
    engines: {node: '>=18'}
    cpu: [s390x]
    os: [linux]

  '@esbuild/linux-x64@0.25.5':
    resolution: {integrity: sha512-uhj8N2obKTE6pSZ+aMUbqq+1nXxNjZIIjCjGLfsWvVpy7gKCOL6rsY1MhRh9zLtUtAI7vpgLMK6DxjO8Qm9lJw==}
    engines: {node: '>=18'}
    cpu: [x64]
    os: [linux]

  '@esbuild/netbsd-arm64@0.25.5':
    resolution: {integrity: sha512-pwHtMP9viAy1oHPvgxtOv+OkduK5ugofNTVDilIzBLpoWAM16r7b/mxBvfpuQDpRQFMfuVr5aLcn4yveGvBZvw==}
    engines: {node: '>=18'}
    cpu: [arm64]
    os: [netbsd]

  '@esbuild/netbsd-x64@0.25.5':
    resolution: {integrity: sha512-WOb5fKrvVTRMfWFNCroYWWklbnXH0Q5rZppjq0vQIdlsQKuw6mdSihwSo4RV/YdQ5UCKKvBy7/0ZZYLBZKIbwQ==}
    engines: {node: '>=18'}
    cpu: [x64]
    os: [netbsd]

  '@esbuild/openbsd-arm64@0.25.5':
    resolution: {integrity: sha512-7A208+uQKgTxHd0G0uqZO8UjK2R0DDb4fDmERtARjSHWxqMTye4Erz4zZafx7Di9Cv+lNHYuncAkiGFySoD+Mw==}
    engines: {node: '>=18'}
    cpu: [arm64]
    os: [openbsd]

  '@esbuild/openbsd-x64@0.25.5':
    resolution: {integrity: sha512-G4hE405ErTWraiZ8UiSoesH8DaCsMm0Cay4fsFWOOUcz8b8rC6uCvnagr+gnioEjWn0wC+o1/TAHt+It+MpIMg==}
    engines: {node: '>=18'}
    cpu: [x64]
    os: [openbsd]

  '@esbuild/sunos-x64@0.25.5':
    resolution: {integrity: sha512-l+azKShMy7FxzY0Rj4RCt5VD/q8mG/e+mDivgspo+yL8zW7qEwctQ6YqKX34DTEleFAvCIUviCFX1SDZRSyMQA==}
    engines: {node: '>=18'}
    cpu: [x64]
    os: [sunos]

  '@esbuild/win32-arm64@0.25.5':
    resolution: {integrity: sha512-O2S7SNZzdcFG7eFKgvwUEZ2VG9D/sn/eIiz8XRZ1Q/DO5a3s76Xv0mdBzVM5j5R639lXQmPmSo0iRpHqUUrsxw==}
    engines: {node: '>=18'}
    cpu: [arm64]
    os: [win32]

  '@esbuild/win32-ia32@0.25.5':
    resolution: {integrity: sha512-onOJ02pqs9h1iMJ1PQphR+VZv8qBMQ77Klcsqv9CNW2w6yLqoURLcgERAIurY6QE63bbLuqgP9ATqajFLK5AMQ==}
    engines: {node: '>=18'}
    cpu: [ia32]
    os: [win32]

  '@esbuild/win32-x64@0.25.5':
    resolution: {integrity: sha512-TXv6YnJ8ZMVdX+SXWVBo/0p8LTcrUYngpWjvm91TMjjBQii7Oz11Lw5lbDV5Y0TzuhSJHwiH4hEtC1I42mMS0g==}
    engines: {node: '>=18'}
    cpu: [x64]
    os: [win32]

  '@hotwired/stimulus@3.2.2':
    resolution: {integrity: sha512-eGeIqNOQpXoPAIP7tC1+1Yc1yl1xnwYqg+3mzqxyrbE5pg5YFBZcA6YoTiByJB6DKAEsiWtl6tjTJS4IYtbB7A==}

  '@isaacs/fs-minipass@4.0.1':
    resolution: {integrity: sha512-wgm9Ehl2jpeqP3zw/7mo3kRHFp5MEDhqAdwy1fTGkHAwnkGOVsgpvQhL8B5n1qlb01jV3n/bI0ZfZp5lWA1k4w==}
    engines: {node: '>=18.0.0'}

  '@jridgewell/gen-mapping@0.3.8':
    resolution: {integrity: sha512-imAbBGkb+ebQyxKgzv5Hu2nmROxoDOXHh80evxdoXNOrvAnVx7zimzc1Oo5h9RlfV4vPXaE2iM5pOFbvOCClWA==}
    engines: {node: '>=6.0.0'}

  '@jridgewell/resolve-uri@3.1.2':
    resolution: {integrity: sha512-bRISgCIjP20/tbWSPWMEi54QVPRZExkuD9lJL+UIxUKtwVJA8wW1Trb1jMs1RFXo1CBTNZ/5hpC9QvmKWdopKw==}
    engines: {node: '>=6.0.0'}

  '@jridgewell/set-array@1.2.1':
    resolution: {integrity: sha512-R8gLRTZeyp03ymzP/6Lil/28tGeGEzhx1q2k703KGWRAI1VdvPIXdG70VJc2pAMw3NA6JKL5hhFu1sJX0Mnn/A==}
    engines: {node: '>=6.0.0'}

  '@jridgewell/sourcemap-codec@1.5.0':
    resolution: {integrity: sha512-gv3ZRaISU3fjPAgNsriBRqGWQL6quFx04YMPW/zD8XMLsU32mhCCbfbO6KZFLjvYpCZ8zyDEgqsgf+PwPaM7GQ==}

  '@jridgewell/trace-mapping@0.3.25':
    resolution: {integrity: sha512-vNk6aEwybGtawWmy/PzwnGDOjCkLWSD2wqvjGGAgOAwCGWySYXfYoxt00IJkTF+8Lb57DwOb3Aa0o9CApepiYQ==}

  '@rollup/rollup-android-arm-eabi@4.44.0':
    resolution: {integrity: sha512-xEiEE5oDW6tK4jXCAyliuntGR+amEMO7HLtdSshVuhFnKTYoeYMyXQK7pLouAJJj5KHdwdn87bfHAR2nSdNAUA==}
    cpu: [arm]
    os: [android]

  '@rollup/rollup-android-arm64@4.44.0':
    resolution: {integrity: sha512-uNSk/TgvMbskcHxXYHzqwiyBlJ/lGcv8DaUfcnNwict8ba9GTTNxfn3/FAoFZYgkaXXAdrAA+SLyKplyi349Jw==}
    cpu: [arm64]
    os: [android]

  '@rollup/rollup-darwin-arm64@4.44.0':
    resolution: {integrity: sha512-VGF3wy0Eq1gcEIkSCr8Ke03CWT+Pm2yveKLaDvq51pPpZza3JX/ClxXOCmTYYq3us5MvEuNRTaeyFThCKRQhOA==}
    cpu: [arm64]
    os: [darwin]

  '@rollup/rollup-darwin-x64@4.44.0':
    resolution: {integrity: sha512-fBkyrDhwquRvrTxSGH/qqt3/T0w5Rg0L7ZIDypvBPc1/gzjJle6acCpZ36blwuwcKD/u6oCE/sRWlUAcxLWQbQ==}
    cpu: [x64]
    os: [darwin]

  '@rollup/rollup-freebsd-arm64@4.44.0':
    resolution: {integrity: sha512-u5AZzdQJYJXByB8giQ+r4VyfZP+walV+xHWdaFx/1VxsOn6eWJhK2Vl2eElvDJFKQBo/hcYIBg/jaKS8ZmKeNQ==}
    cpu: [arm64]
    os: [freebsd]

  '@rollup/rollup-freebsd-x64@4.44.0':
    resolution: {integrity: sha512-qC0kS48c/s3EtdArkimctY7h3nHicQeEUdjJzYVJYR3ct3kWSafmn6jkNCA8InbUdge6PVx6keqjk5lVGJf99g==}
    cpu: [x64]
    os: [freebsd]

  '@rollup/rollup-linux-arm-gnueabihf@4.44.0':
    resolution: {integrity: sha512-x+e/Z9H0RAWckn4V2OZZl6EmV0L2diuX3QB0uM1r6BvhUIv6xBPL5mrAX2E3e8N8rEHVPwFfz/ETUbV4oW9+lQ==}
    cpu: [arm]
    os: [linux]

  '@rollup/rollup-linux-arm-musleabihf@4.44.0':
    resolution: {integrity: sha512-1exwiBFf4PU/8HvI8s80icyCcnAIB86MCBdst51fwFmH5dyeoWVPVgmQPcKrMtBQ0W5pAs7jBCWuRXgEpRzSCg==}
    cpu: [arm]
    os: [linux]

  '@rollup/rollup-linux-arm64-gnu@4.44.0':
    resolution: {integrity: sha512-ZTR2mxBHb4tK4wGf9b8SYg0Y6KQPjGpR4UWwTFdnmjB4qRtoATZ5dWn3KsDwGa5Z2ZBOE7K52L36J9LueKBdOQ==}
    cpu: [arm64]
    os: [linux]

  '@rollup/rollup-linux-arm64-musl@4.44.0':
    resolution: {integrity: sha512-GFWfAhVhWGd4r6UxmnKRTBwP1qmModHtd5gkraeW2G490BpFOZkFtem8yuX2NyafIP/mGpRJgTJ2PwohQkUY/Q==}
    cpu: [arm64]
    os: [linux]

  '@rollup/rollup-linux-loongarch64-gnu@4.44.0':
    resolution: {integrity: sha512-xw+FTGcov/ejdusVOqKgMGW3c4+AgqrfvzWEVXcNP6zq2ue+lsYUgJ+5Rtn/OTJf7e2CbgTFvzLW2j0YAtj0Gg==}
    cpu: [loong64]
    os: [linux]

  '@rollup/rollup-linux-powerpc64le-gnu@4.44.0':
    resolution: {integrity: sha512-bKGibTr9IdF0zr21kMvkZT4K6NV+jjRnBoVMt2uNMG0BYWm3qOVmYnXKzx7UhwrviKnmK46IKMByMgvpdQlyJQ==}
    cpu: [ppc64]
    os: [linux]

  '@rollup/rollup-linux-riscv64-gnu@4.44.0':
    resolution: {integrity: sha512-vV3cL48U5kDaKZtXrti12YRa7TyxgKAIDoYdqSIOMOFBXqFj2XbChHAtXquEn2+n78ciFgr4KIqEbydEGPxXgA==}
    cpu: [riscv64]
    os: [linux]

  '@rollup/rollup-linux-riscv64-musl@4.44.0':
    resolution: {integrity: sha512-TDKO8KlHJuvTEdfw5YYFBjhFts2TR0VpZsnLLSYmB7AaohJhM8ctDSdDnUGq77hUh4m/djRafw+9zQpkOanE2Q==}
    cpu: [riscv64]
    os: [linux]

  '@rollup/rollup-linux-s390x-gnu@4.44.0':
    resolution: {integrity: sha512-8541GEyktXaw4lvnGp9m84KENcxInhAt6vPWJ9RodsB/iGjHoMB2Pp5MVBCiKIRxrxzJhGCxmNzdu+oDQ7kwRA==}
    cpu: [s390x]
    os: [linux]

  '@rollup/rollup-linux-x64-gnu@4.44.0':
    resolution: {integrity: sha512-iUVJc3c0o8l9Sa/qlDL2Z9UP92UZZW1+EmQ4xfjTc1akr0iUFZNfxrXJ/R1T90h/ILm9iXEY6+iPrmYB3pXKjw==}
    cpu: [x64]
    os: [linux]

  '@rollup/rollup-linux-x64-musl@4.44.0':
    resolution: {integrity: sha512-PQUobbhLTQT5yz/SPg116VJBgz+XOtXt8D1ck+sfJJhuEsMj2jSej5yTdp8CvWBSceu+WW+ibVL6dm0ptG5fcA==}
    cpu: [x64]
    os: [linux]

  '@rollup/rollup-win32-arm64-msvc@4.44.0':
    resolution: {integrity: sha512-M0CpcHf8TWn+4oTxJfh7LQuTuaYeXGbk0eageVjQCKzYLsajWS/lFC94qlRqOlyC2KvRT90ZrfXULYmukeIy7w==}
    cpu: [arm64]
    os: [win32]

  '@rollup/rollup-win32-ia32-msvc@4.44.0':
    resolution: {integrity: sha512-3XJ0NQtMAXTWFW8FqZKcw3gOQwBtVWP/u8TpHP3CRPXD7Pd6s8lLdH3sHWh8vqKCyyiI8xW5ltJScQmBU9j7WA==}
    cpu: [ia32]
    os: [win32]

  '@rollup/rollup-win32-x64-msvc@4.44.0':
    resolution: {integrity: sha512-Q2Mgwt+D8hd5FIPUuPDsvPR7Bguza6yTkJxspDGkZj7tBRn2y4KSWYuIXpftFSjBra76TbKerCV7rgFPQrn+wQ==}
    cpu: [x64]
    os: [win32]

  '@tailwindcss/node@4.1.10':
    resolution: {integrity: sha512-2ACf1znY5fpRBwRhMgj9ZXvb2XZW8qs+oTfotJ2C5xR0/WNL7UHZ7zXl6s+rUqedL1mNi+0O+WQr5awGowS3PQ==}

  '@tailwindcss/oxide-android-arm64@4.1.10':
    resolution: {integrity: sha512-VGLazCoRQ7rtsCzThaI1UyDu/XRYVyH4/EWiaSX6tFglE+xZB5cvtC5Omt0OQ+FfiIVP98su16jDVHDEIuH4iQ==}
    engines: {node: '>= 10'}
    cpu: [arm64]
    os: [android]

  '@tailwindcss/oxide-darwin-arm64@4.1.10':
    resolution: {integrity: sha512-ZIFqvR1irX2yNjWJzKCqTCcHZbgkSkSkZKbRM3BPzhDL/18idA8uWCoopYA2CSDdSGFlDAxYdU2yBHwAwx8euQ==}
    engines: {node: '>= 10'}
    cpu: [arm64]
    os: [darwin]

  '@tailwindcss/oxide-darwin-x64@4.1.10':
    resolution: {integrity: sha512-eCA4zbIhWUFDXoamNztmS0MjXHSEJYlvATzWnRiTqJkcUteSjO94PoRHJy1Xbwp9bptjeIxxBHh+zBWFhttbrQ==}
    engines: {node: '>= 10'}
    cpu: [x64]
    os: [darwin]

  '@tailwindcss/oxide-freebsd-x64@4.1.10':
    resolution: {integrity: sha512-8/392Xu12R0cc93DpiJvNpJ4wYVSiciUlkiOHOSOQNH3adq9Gi/dtySK7dVQjXIOzlpSHjeCL89RUUI8/GTI6g==}
    engines: {node: '>= 10'}
    cpu: [x64]
    os: [freebsd]

  '@tailwindcss/oxide-linux-arm-gnueabihf@4.1.10':
    resolution: {integrity: sha512-t9rhmLT6EqeuPT+MXhWhlRYIMSfh5LZ6kBrC4FS6/+M1yXwfCtp24UumgCWOAJVyjQwG+lYva6wWZxrfvB+NhQ==}
    engines: {node: '>= 10'}
    cpu: [arm]
    os: [linux]

  '@tailwindcss/oxide-linux-arm64-gnu@4.1.10':
    resolution: {integrity: sha512-3oWrlNlxLRxXejQ8zImzrVLuZ/9Z2SeKoLhtCu0hpo38hTO2iL86eFOu4sVR8cZc6n3z7eRXXqtHJECa6mFOvA==}
    engines: {node: '>= 10'}
    cpu: [arm64]
    os: [linux]

  '@tailwindcss/oxide-linux-arm64-musl@4.1.10':
    resolution: {integrity: sha512-saScU0cmWvg/Ez4gUmQWr9pvY9Kssxt+Xenfx1LG7LmqjcrvBnw4r9VjkFcqmbBb7GCBwYNcZi9X3/oMda9sqQ==}
    engines: {node: '>= 10'}
    cpu: [arm64]
    os: [linux]

  '@tailwindcss/oxide-linux-x64-gnu@4.1.10':
    resolution: {integrity: sha512-/G3ao/ybV9YEEgAXeEg28dyH6gs1QG8tvdN9c2MNZdUXYBaIY/Gx0N6RlJzfLy/7Nkdok4kaxKPHKJUlAaoTdA==}
    engines: {node: '>= 10'}
    cpu: [x64]
    os: [linux]

  '@tailwindcss/oxide-linux-x64-musl@4.1.10':
    resolution: {integrity: sha512-LNr7X8fTiKGRtQGOerSayc2pWJp/9ptRYAa4G+U+cjw9kJZvkopav1AQc5HHD+U364f71tZv6XamaHKgrIoVzA==}
    engines: {node: '>= 10'}
    cpu: [x64]
    os: [linux]

  '@tailwindcss/oxide-wasm32-wasi@4.1.10':
    resolution: {integrity: sha512-d6ekQpopFQJAcIK2i7ZzWOYGZ+A6NzzvQ3ozBvWFdeyqfOZdYHU66g5yr+/HC4ipP1ZgWsqa80+ISNILk+ae/Q==}
    engines: {node: '>=14.0.0'}
    cpu: [wasm32]
    bundledDependencies:
      - '@napi-rs/wasm-runtime'
      - '@emnapi/core'
      - '@emnapi/runtime'
      - '@tybys/wasm-util'
      - '@emnapi/wasi-threads'
      - tslib

  '@tailwindcss/oxide-win32-arm64-msvc@4.1.10':
    resolution: {integrity: sha512-i1Iwg9gRbwNVOCYmnigWCCgow8nDWSFmeTUU5nbNx3rqbe4p0kRbEqLwLJbYZKmSSp23g4N6rCDmm7OuPBXhDA==}
    engines: {node: '>= 10'}
    cpu: [arm64]
    os: [win32]

  '@tailwindcss/oxide-win32-x64-msvc@4.1.10':
    resolution: {integrity: sha512-sGiJTjcBSfGq2DVRtaSljq5ZgZS2SDHSIfhOylkBvHVjwOsodBhnb3HdmiKkVuUGKD0I7G63abMOVaskj1KpOA==}
    engines: {node: '>= 10'}
    cpu: [x64]
    os: [win32]

  '@tailwindcss/oxide@4.1.10':
    resolution: {integrity: sha512-v0C43s7Pjw+B9w21htrQwuFObSkio2aV/qPx/mhrRldbqxbWJK6KizM+q7BF1/1CmuLqZqX3CeYF7s7P9fbA8Q==}
    engines: {node: '>= 10'}

  '@tailwindcss/typography@0.5.16':
    resolution: {integrity: sha512-0wDLwCVF5V3x3b1SGXPCDcdsbDHMBe+lkFzBRaHeLvNi+nrrnZ1lA18u+OTWO8iSWU2GxUOCvlXtDuqftc1oiA==}
    peerDependencies:
      tailwindcss: '>=3.0.0 || insiders || >=4.0.0-alpha.20 || >=4.0.0-beta.1'

  '@tailwindcss/vite@4.1.10':
    resolution: {integrity: sha512-QWnD5HDY2IADv+vYR82lOhqOlS1jSCUUAmfem52cXAhRTKxpDh3ARX8TTXJTCCO7Rv7cD2Nlekabv02bwP3a2A==}
    peerDependencies:
      vite: ^5.2.0 || ^6

  '@types/estree@1.0.8':
    resolution: {integrity: sha512-dWHzHa2WqEXI/O1E9OjrocMTKJl2mSrEolh1Iomrv6U+JuNwaHXsXx9bLu5gG7BUWFIN0skIQJQ/L1rIex4X6w==}

  '@types/node@24.0.4':
    resolution: {integrity: sha512-ulyqAkrhnuNq9pB76DRBTkcS6YsmDALy6Ua63V8OhrOBgbcYt6IOdzpw5P1+dyRIyMerzLkeYWBeOXPpA9GMAA==}

  chownr@3.0.0:
    resolution: {integrity: sha512-+IxzY9BZOQd/XuYPRmrvEVjF/nqj5kgT4kEq7VofrDoM1MxoRjEWkrCC3EtLi59TVawxTAn+orJwFQcrqEN1+g==}
    engines: {node: '>=18'}

  cssesc@3.0.0:
    resolution: {integrity: sha512-/Tb/JcjK111nNScGob5MNtsntNM1aCNUDipB/TkwZFhyDrrE47SOx/18wF2bbjgc3ZzCSKW1T5nt5EbFoAz/Vg==}
    engines: {node: '>=4'}
    hasBin: true

  detect-libc@2.0.4:
    resolution: {integrity: sha512-3UDv+G9CsCKO1WKMGw9fwq/SWJYbI0c5Y7LU1AXYoDdbhE2AHQ6N6Nb34sG8Fj7T5APy8qXDCKuuIHd1BR0tVA==}
    engines: {node: '>=8'}

  enhanced-resolve@5.18.2:
    resolution: {integrity: sha512-6Jw4sE1maoRJo3q8MsSIn2onJFbLTOjY9hlx4DZXmOKvLRd1Ok2kXmAGXaafL2+ijsJZ1ClYbl/pmqr9+k4iUQ==}
    engines: {node: '>=10.13.0'}

  esbuild@0.25.5:
    resolution: {integrity: sha512-P8OtKZRv/5J5hhz0cUAdu/cLuPIKXpQl1R9pZtvmHWQvrAUVd0UNIPT4IB4W3rNOqVO0rlqHmCIbSwxh/c9yUQ==}
    engines: {node: '>=18'}
    hasBin: true

  fdir@6.4.6:
    resolution: {integrity: sha512-hiFoqpyZcfNm1yc4u8oWCf9A2c4D3QjCrks3zmoVKVxpQRzmPNar1hUJcBG2RQHvEVGDN+Jm81ZheVLAQMK6+w==}
    peerDependencies:
      picomatch: ^3 || ^4
    peerDependenciesMeta:
      picomatch:
        optional: true

  fsevents@2.3.3:
    resolution: {integrity: sha512-5xoDfX+fL7faATnagmWPpbFtwh/R77WmMMqqHGS65C3vvB0YHrgF+B1YmZ3441tMj5n63k0212XNoJwzlhffQw==}
    engines: {node: ^8.16.0 || ^10.6.0 || >=11.0.0}
    os: [darwin]

  graceful-fs@4.2.11:
    resolution: {integrity: sha512-RbJ5/jmFcNNCcDV5o9eTnBLJ/HszWV0P73bc+Ff4nS/rJj+YaS6IGyiOL0VoBYX+l1Wrl3k63h/KrH+nhJ0XvQ==}

  jiti@2.4.2:
    resolution: {integrity: sha512-rg9zJN+G4n2nfJl5MW3BMygZX56zKPNVEYYqq7adpmMh4Jn2QNEwhvQlFy6jPVdcod7txZtKHWnyZiA3a0zP7A==}
    hasBin: true

  lightningcss-darwin-arm64@1.30.1:
    resolution: {integrity: sha512-c8JK7hyE65X1MHMN+Viq9n11RRC7hgin3HhYKhrMyaXflk5GVplZ60IxyoVtzILeKr+xAJwg6zK6sjTBJ0FKYQ==}
    engines: {node: '>= 12.0.0'}
    cpu: [arm64]
    os: [darwin]

  lightningcss-darwin-x64@1.30.1:
    resolution: {integrity: sha512-k1EvjakfumAQoTfcXUcHQZhSpLlkAuEkdMBsI/ivWw9hL+7FtilQc0Cy3hrx0AAQrVtQAbMI7YjCgYgvn37PzA==}
    engines: {node: '>= 12.0.0'}
    cpu: [x64]
    os: [darwin]

  lightningcss-freebsd-x64@1.30.1:
    resolution: {integrity: sha512-kmW6UGCGg2PcyUE59K5r0kWfKPAVy4SltVeut+umLCFoJ53RdCUWxcRDzO1eTaxf/7Q2H7LTquFHPL5R+Gjyig==}
    engines: {node: '>= 12.0.0'}
    cpu: [x64]
    os: [freebsd]

  lightningcss-linux-arm-gnueabihf@1.30.1:
    resolution: {integrity: sha512-MjxUShl1v8pit+6D/zSPq9S9dQ2NPFSQwGvxBCYaBYLPlCWuPh9/t1MRS8iUaR8i+a6w7aps+B4N0S1TYP/R+Q==}
    engines: {node: '>= 12.0.0'}
    cpu: [arm]
    os: [linux]

  lightningcss-linux-arm64-gnu@1.30.1:
    resolution: {integrity: sha512-gB72maP8rmrKsnKYy8XUuXi/4OctJiuQjcuqWNlJQ6jZiWqtPvqFziskH3hnajfvKB27ynbVCucKSm2rkQp4Bw==}
    engines: {node: '>= 12.0.0'}
    cpu: [arm64]
    os: [linux]

  lightningcss-linux-arm64-musl@1.30.1:
    resolution: {integrity: sha512-jmUQVx4331m6LIX+0wUhBbmMX7TCfjF5FoOH6SD1CttzuYlGNVpA7QnrmLxrsub43ClTINfGSYyHe2HWeLl5CQ==}
    engines: {node: '>= 12.0.0'}
    cpu: [arm64]
    os: [linux]

  lightningcss-linux-x64-gnu@1.30.1:
    resolution: {integrity: sha512-piWx3z4wN8J8z3+O5kO74+yr6ze/dKmPnI7vLqfSqI8bccaTGY5xiSGVIJBDd5K5BHlvVLpUB3S2YCfelyJ1bw==}
    engines: {node: '>= 12.0.0'}
    cpu: [x64]
    os: [linux]

  lightningcss-linux-x64-musl@1.30.1:
    resolution: {integrity: sha512-rRomAK7eIkL+tHY0YPxbc5Dra2gXlI63HL+v1Pdi1a3sC+tJTcFrHX+E86sulgAXeI7rSzDYhPSeHHjqFhqfeQ==}
    engines: {node: '>= 12.0.0'}
    cpu: [x64]
    os: [linux]

  lightningcss-win32-arm64-msvc@1.30.1:
    resolution: {integrity: sha512-mSL4rqPi4iXq5YVqzSsJgMVFENoa4nGTT/GjO2c0Yl9OuQfPsIfncvLrEW6RbbB24WtZ3xP/2CCmI3tNkNV4oA==}
    engines: {node: '>= 12.0.0'}
    cpu: [arm64]
    os: [win32]

  lightningcss-win32-x64-msvc@1.30.1:
    resolution: {integrity: sha512-PVqXh48wh4T53F/1CCu8PIPCxLzWyCnn/9T5W1Jpmdy5h9Cwd+0YQS6/LwhHXSafuc61/xg9Lv5OrCby6a++jg==}
    engines: {node: '>= 12.0.0'}
    cpu: [x64]
    os: [win32]

  lightningcss@1.30.1:
    resolution: {integrity: sha512-xi6IyHML+c9+Q3W0S4fCQJOym42pyurFiJUHEcEyHS0CeKzia4yZDEsLlqOFykxOdHpNy0NmvVO31vcSqAxJCg==}
    engines: {node: '>= 12.0.0'}

  lodash.castarray@4.4.0:
    resolution: {integrity: sha512-aVx8ztPv7/2ULbArGJ2Y42bG1mEQ5mGjpdvrbJcJFU3TbYybe+QlLS4pst9zV52ymy2in1KpFPiZnAOATxD4+Q==}

  lodash.isplainobject@4.0.6:
    resolution: {integrity: sha512-oSXzaWypCMHkPC3NvBEaPHf0KsA5mvPrOPgQWDsbg8n7orZ290M0BmC/jgRZ4vcJ6DTAhjrsSYgdsW/F+MFOBA==}

  lodash.merge@4.6.2:
    resolution: {integrity: sha512-0KpjqXRVvrYyCsX1swR/XTK0va6VQkQM6MNo7PqW77ByjAhoARA8EfrP1N4+KlKj8YS0ZUCtRT/YUuhyYDujIQ==}

  magic-string@0.30.17:
    resolution: {integrity: sha512-sNPKHvyjVf7gyjwS4xGTaW/mCnF8wnjtifKBEhxfZ7E/S8tQ0rssrwGNn6q8JH/ohItJfSQp9mBtQYuTlH5QnA==}

  minipass@7.1.2:
    resolution: {integrity: sha512-qOOzS1cBTWYF4BH8fVePDBOO9iptMnGUEZwNc/cMWnTV2nVLZ7VoNWEPHkYczZA0pdoA7dl6e7FL659nX9S2aw==}
    engines: {node: '>=16 || 14 >=14.17'}

  minizlib@3.0.2:
    resolution: {integrity: sha512-oG62iEk+CYt5Xj2YqI5Xi9xWUeZhDI8jjQmC5oThVH5JGCTgIjr7ciJDzC7MBzYd//WvR1OTmP5Q38Q8ShQtVA==}
    engines: {node: '>= 18'}

  mkdirp@3.0.1:
    resolution: {integrity: sha512-+NsyUUAZDmo6YVHzL/stxSu3t9YS1iljliy3BSDrXJ/dkn1KYdmtZODGGjLcc9XLgVVpH4KshHB8XmZgMhaBXg==}
    engines: {node: '>=10'}
    hasBin: true

  nanoid@3.3.11:
    resolution: {integrity: sha512-N8SpfPUnUp1bK+PMYW8qSWdl9U+wwNWI4QKxOYDy9JAro3WMX7p2OeVRF9v+347pnakNevPmiHhNmZ2HbFA76w==}
    engines: {node: ^10 || ^12 || ^13.7 || ^14 || >=15.0.1}
    hasBin: true

  picocolors@1.1.1:
    resolution: {integrity: sha512-xceH2snhtb5M9liqDsmEw56le376mTZkEX/jEb/RxNFyegNul7eNslCXP9FDj/Lcu0X8KEyMceP2ntpaHrDEVA==}

  picomatch@4.0.2:
    resolution: {integrity: sha512-M7BAV6Rlcy5u+m6oPhAPFgJTzAioX/6B0DxyvDlo9l8+T3nLKbrczg2WLUyzd45L8RqfUMyGPzekbMvX2Ldkwg==}
    engines: {node: '>=12'}

  postcss-selector-parser@6.0.10:
    resolution: {integrity: sha512-IQ7TZdoaqbT+LCpShg46jnZVlhWD2w6iQYAcYXfHARZ7X1t/UGhhceQDs5X0cGqKvYlHNOuv7Oa1xmb0oQuA3w==}
    engines: {node: '>=4'}

  postcss@8.5.6:
    resolution: {integrity: sha512-3Ybi1tAuwAP9s0r1UQ2J4n5Y0G05bJkpUIO0/bI9MhwmD70S5aTWbXGBwxHrelT+XM1k6dM0pk+SwNkpTRN7Pg==}
    engines: {node: ^10 || ^12 || >=14}

  rollup@4.44.0:
    resolution: {integrity: sha512-qHcdEzLCiktQIfwBq420pn2dP+30uzqYxv9ETm91wdt2R9AFcWfjNAmje4NWlnCIQ5RMTzVf0ZyisOKqHR6RwA==}
    engines: {node: '>=18.0.0', npm: '>=8.0.0'}
    hasBin: true

  source-map-js@1.2.1:
    resolution: {integrity: sha512-UXWMKhLOwVKb728IUtQPXxfYU+usdybtUrK/8uGE8CQMvrhOpwvzDBwj0QhSL7MQc7vIsISBG8VQ8+IDQxpfQA==}
    engines: {node: '>=0.10.0'}

  tailwindcss@4.1.10:
    resolution: {integrity: sha512-P3nr6WkvKV/ONsTzj6Gb57sWPMX29EPNPopo7+FcpkQaNsrNpZ1pv8QmrYI2RqEKD7mlGqLnGovlcYnBK0IqUA==}

  tapable@2.2.2:
    resolution: {integrity: sha512-Re10+NauLTMCudc7T5WLFLAwDhQ0JWdrMK+9B2M8zR5hRExKmsRDCBA7/aV/pNJFltmBFO5BAMlQFi/vq3nKOg==}
    engines: {node: '>=6'}

  tar@7.4.3:
    resolution: {integrity: sha512-5S7Va8hKfV7W5U6g3aYxXmlPoZVAwUMy9AOKyF2fVuZa2UD3qZjg578OrLRt8PcNN1PleVaL/5/yYATNL0ICUw==}
    engines: {node: '>=18'}

  tinyglobby@0.2.14:
    resolution: {integrity: sha512-tX5e7OM1HnYr2+a2C/4V0htOcSQcoSTH9KgJnVvNm5zm/cyEWKJ7j7YutsH9CxMdtOkkLFy2AHrMci9IM8IPZQ==}
    engines: {node: '>=12.0.0'}

  typescript@5.8.3:
    resolution: {integrity: sha512-p1diW6TqL9L07nNxvRMM7hMMw4c5XOo/1ibL4aAIGmSAt9slTE1Xgw5KWuof2uTOvCg9BY7ZRi+GaF+7sfgPeQ==}
    engines: {node: '>=14.17'}
    hasBin: true

  undici-types@7.8.0:
    resolution: {integrity: sha512-9UJ2xGDvQ43tYyVMpuHlsgApydB8ZKfVYTsLDhXkFL/6gfkp+U8xTGdh8pMJv1SpZna0zxG1DwsKZsreLbXBxw==}

  util-deprecate@1.0.2:
    resolution: {integrity: sha512-EPD5q1uXyFxJpCrLnCc1nHnq3gOa6DZBocAIiI2TaSCA7VCJ1UJDMagCzIkXNsUYfD1daK//LTEQ8xiIbrHtcw==}

  vite@7.0.0:
    resolution: {integrity: sha512-ixXJB1YRgDIw2OszKQS9WxGHKwLdCsbQNkpJN171udl6szi/rIySHL6/Os3s2+oE4P/FLD4dxg4mD7Wust+u5g==}
    engines: {node: ^20.19.0 || >=22.12.0}
    hasBin: true
    peerDependencies:
      '@types/node': ^20.19.0 || >=22.12.0
      jiti: '>=1.21.0'
      less: ^4.0.0
      lightningcss: ^1.21.0
      sass: ^1.70.0
      sass-embedded: ^1.70.0
      stylus: '>=0.54.8'
      sugarss: ^5.0.0
      terser: ^5.16.0
      tsx: ^4.8.1
      yaml: ^2.4.2
    peerDependenciesMeta:
      '@types/node':
        optional: true
      jiti:
        optional: true
      less:
        optional: true
      lightningcss:
        optional: true
      sass:
        optional: true
      sass-embedded:
        optional: true
      stylus:
        optional: true
      sugarss:
        optional: true
      terser:
        optional: true
      tsx:
        optional: true
      yaml:
        optional: true

  yallist@5.0.0:
    resolution: {integrity: sha512-YgvUTfwqyc7UXVMrB+SImsVYSmTS8X/tSrtdNZMImM+n7+QTriRXyXim0mBrTXNeqzVF0KWGgHPeiyViFFrNDw==}
    engines: {node: '>=18'}

snapshots:

  '@ampproject/remapping@2.3.0':
    dependencies:
      '@jridgewell/gen-mapping': 0.3.8
      '@jridgewell/trace-mapping': 0.3.25

  '@biomejs/biome@2.0.5':
    optionalDependencies:
      '@biomejs/cli-darwin-arm64': 2.0.5
      '@biomejs/cli-darwin-x64': 2.0.5
      '@biomejs/cli-linux-arm64': 2.0.5
      '@biomejs/cli-linux-arm64-musl': 2.0.5
      '@biomejs/cli-linux-x64': 2.0.5
      '@biomejs/cli-linux-x64-musl': 2.0.5
      '@biomejs/cli-win32-arm64': 2.0.5
      '@biomejs/cli-win32-x64': 2.0.5

  '@biomejs/cli-darwin-arm64@2.0.5':
    optional: true

  '@biomejs/cli-darwin-x64@2.0.5':
    optional: true

  '@biomejs/cli-linux-arm64-musl@2.0.5':
    optional: true

  '@biomejs/cli-linux-arm64@2.0.5':
    optional: true

  '@biomejs/cli-linux-x64-musl@2.0.5':
    optional: true

  '@biomejs/cli-linux-x64@2.0.5':
    optional: true

  '@biomejs/cli-win32-arm64@2.0.5':
    optional: true

  '@biomejs/cli-win32-x64@2.0.5':
    optional: true

  '@esbuild/aix-ppc64@0.25.5':
    optional: true

  '@esbuild/android-arm64@0.25.5':
    optional: true

  '@esbuild/android-arm@0.25.5':
    optional: true

  '@esbuild/android-x64@0.25.5':
    optional: true

  '@esbuild/darwin-arm64@0.25.5':
    optional: true

  '@esbuild/darwin-x64@0.25.5':
    optional: true

  '@esbuild/freebsd-arm64@0.25.5':
    optional: true

  '@esbuild/freebsd-x64@0.25.5':
    optional: true

  '@esbuild/linux-arm64@0.25.5':
    optional: true

  '@esbuild/linux-arm@0.25.5':
    optional: true

  '@esbuild/linux-ia32@0.25.5':
    optional: true

  '@esbuild/linux-loong64@0.25.5':
    optional: true

  '@esbuild/linux-mips64el@0.25.5':
    optional: true

  '@esbuild/linux-ppc64@0.25.5':
    optional: true

  '@esbuild/linux-riscv64@0.25.5':
    optional: true

  '@esbuild/linux-s390x@0.25.5':
    optional: true

  '@esbuild/linux-x64@0.25.5':
    optional: true

  '@esbuild/netbsd-arm64@0.25.5':
    optional: true

  '@esbuild/netbsd-x64@0.25.5':
    optional: true

  '@esbuild/openbsd-arm64@0.25.5':
    optional: true

  '@esbuild/openbsd-x64@0.25.5':
    optional: true

  '@esbuild/sunos-x64@0.25.5':
    optional: true

  '@esbuild/win32-arm64@0.25.5':
    optional: true

  '@esbuild/win32-ia32@0.25.5':
    optional: true

  '@esbuild/win32-x64@0.25.5':
    optional: true

  '@hotwired/stimulus@3.2.2': {}

  '@isaacs/fs-minipass@4.0.1':
    dependencies:
      minipass: 7.1.2

  '@jridgewell/gen-mapping@0.3.8':
    dependencies:
      '@jridgewell/set-array': 1.2.1
      '@jridgewell/sourcemap-codec': 1.5.0
      '@jridgewell/trace-mapping': 0.3.25

  '@jridgewell/resolve-uri@3.1.2': {}

  '@jridgewell/set-array@1.2.1': {}

  '@jridgewell/sourcemap-codec@1.5.0': {}

  '@jridgewell/trace-mapping@0.3.25':
    dependencies:
      '@jridgewell/resolve-uri': 3.1.2
      '@jridgewell/sourcemap-codec': 1.5.0

  '@rollup/rollup-android-arm-eabi@4.44.0':
    optional: true

  '@rollup/rollup-android-arm64@4.44.0':
    optional: true

  '@rollup/rollup-darwin-arm64@4.44.0':
    optional: true

  '@rollup/rollup-darwin-x64@4.44.0':
    optional: true

  '@rollup/rollup-freebsd-arm64@4.44.0':
    optional: true

  '@rollup/rollup-freebsd-x64@4.44.0':
    optional: true

  '@rollup/rollup-linux-arm-gnueabihf@4.44.0':
    optional: true

  '@rollup/rollup-linux-arm-musleabihf@4.44.0':
    optional: true

  '@rollup/rollup-linux-arm64-gnu@4.44.0':
    optional: true

  '@rollup/rollup-linux-arm64-musl@4.44.0':
    optional: true

  '@rollup/rollup-linux-loongarch64-gnu@4.44.0':
    optional: true

  '@rollup/rollup-linux-powerpc64le-gnu@4.44.0':
    optional: true

  '@rollup/rollup-linux-riscv64-gnu@4.44.0':
    optional: true

  '@rollup/rollup-linux-riscv64-musl@4.44.0':
    optional: true

  '@rollup/rollup-linux-s390x-gnu@4.44.0':
    optional: true

  '@rollup/rollup-linux-x64-gnu@4.44.0':
    optional: true

  '@rollup/rollup-linux-x64-musl@4.44.0':
    optional: true

  '@rollup/rollup-win32-arm64-msvc@4.44.0':
    optional: true

  '@rollup/rollup-win32-ia32-msvc@4.44.0':
    optional: true

  '@rollup/rollup-win32-x64-msvc@4.44.0':
    optional: true

  '@tailwindcss/node@4.1.10':
    dependencies:
      '@ampproject/remapping': 2.3.0
      enhanced-resolve: 5.18.2
      jiti: 2.4.2
      lightningcss: 1.30.1
      magic-string: 0.30.17
      source-map-js: 1.2.1
      tailwindcss: 4.1.10

  '@tailwindcss/oxide-android-arm64@4.1.10':
    optional: true

  '@tailwindcss/oxide-darwin-arm64@4.1.10':
    optional: true

  '@tailwindcss/oxide-darwin-x64@4.1.10':
    optional: true

  '@tailwindcss/oxide-freebsd-x64@4.1.10':
    optional: true

  '@tailwindcss/oxide-linux-arm-gnueabihf@4.1.10':
    optional: true

  '@tailwindcss/oxide-linux-arm64-gnu@4.1.10':
    optional: true

  '@tailwindcss/oxide-linux-arm64-musl@4.1.10':
    optional: true

  '@tailwindcss/oxide-linux-x64-gnu@4.1.10':
    optional: true

  '@tailwindcss/oxide-linux-x64-musl@4.1.10':
    optional: true

  '@tailwindcss/oxide-wasm32-wasi@4.1.10':
    optional: true

  '@tailwindcss/oxide-win32-arm64-msvc@4.1.10':
    optional: true

  '@tailwindcss/oxide-win32-x64-msvc@4.1.10':
    optional: true

  '@tailwindcss/oxide@4.1.10':
    dependencies:
      detect-libc: 2.0.4
      tar: 7.4.3
    optionalDependencies:
      '@tailwindcss/oxide-android-arm64': 4.1.10
      '@tailwindcss/oxide-darwin-arm64': 4.1.10
      '@tailwindcss/oxide-darwin-x64': 4.1.10
      '@tailwindcss/oxide-freebsd-x64': 4.1.10
      '@tailwindcss/oxide-linux-arm-gnueabihf': 4.1.10
      '@tailwindcss/oxide-linux-arm64-gnu': 4.1.10
      '@tailwindcss/oxide-linux-arm64-musl': 4.1.10
      '@tailwindcss/oxide-linux-x64-gnu': 4.1.10
      '@tailwindcss/oxide-linux-x64-musl': 4.1.10
      '@tailwindcss/oxide-wasm32-wasi': 4.1.10
      '@tailwindcss/oxide-win32-arm64-msvc': 4.1.10
      '@tailwindcss/oxide-win32-x64-msvc': 4.1.10

  '@tailwindcss/typography@0.5.16(tailwindcss@4.1.10)':
    dependencies:
      lodash.castarray: 4.4.0
      lodash.isplainobject: 4.0.6
      lodash.merge: 4.6.2
      postcss-selector-parser: 6.0.10
      tailwindcss: 4.1.10

  '@tailwindcss/vite@4.1.10(vite@7.0.0(@types/node@24.0.4)(jiti@2.4.2)(lightningcss@1.30.1))':
    dependencies:
      '@tailwindcss/node': 4.1.10
      '@tailwindcss/oxide': 4.1.10
      tailwindcss: 4.1.10
      vite: 7.0.0(@types/node@24.0.4)(jiti@2.4.2)(lightningcss@1.30.1)

  '@types/estree@1.0.8': {}

  '@types/node@24.0.4':
    dependencies:
      undici-types: 7.8.0

  chownr@3.0.0: {}

  cssesc@3.0.0: {}

  detect-libc@2.0.4: {}

  enhanced-resolve@5.18.2:
    dependencies:
      graceful-fs: 4.2.11
      tapable: 2.2.2

  esbuild@0.25.5:
    optionalDependencies:
      '@esbuild/aix-ppc64': 0.25.5
      '@esbuild/android-arm': 0.25.5
      '@esbuild/android-arm64': 0.25.5
      '@esbuild/android-x64': 0.25.5
      '@esbuild/darwin-arm64': 0.25.5
      '@esbuild/darwin-x64': 0.25.5
      '@esbuild/freebsd-arm64': 0.25.5
      '@esbuild/freebsd-x64': 0.25.5
      '@esbuild/linux-arm': 0.25.5
      '@esbuild/linux-arm64': 0.25.5
      '@esbuild/linux-ia32': 0.25.5
      '@esbuild/linux-loong64': 0.25.5
      '@esbuild/linux-mips64el': 0.25.5
      '@esbuild/linux-ppc64': 0.25.5
      '@esbuild/linux-riscv64': 0.25.5
      '@esbuild/linux-s390x': 0.25.5
      '@esbuild/linux-x64': 0.25.5
      '@esbuild/netbsd-arm64': 0.25.5
      '@esbuild/netbsd-x64': 0.25.5
      '@esbuild/openbsd-arm64': 0.25.5
      '@esbuild/openbsd-x64': 0.25.5
      '@esbuild/sunos-x64': 0.25.5
      '@esbuild/win32-arm64': 0.25.5
      '@esbuild/win32-ia32': 0.25.5
      '@esbuild/win32-x64': 0.25.5

  fdir@6.4.6(picomatch@4.0.2):
    optionalDependencies:
      picomatch: 4.0.2

  fsevents@2.3.3:
    optional: true

  graceful-fs@4.2.11: {}

  jiti@2.4.2: {}

  lightningcss-darwin-arm64@1.30.1:
    optional: true

  lightningcss-darwin-x64@1.30.1:
    optional: true

  lightningcss-freebsd-x64@1.30.1:
    optional: true

  lightningcss-linux-arm-gnueabihf@1.30.1:
    optional: true

  lightningcss-linux-arm64-gnu@1.30.1:
    optional: true

  lightningcss-linux-arm64-musl@1.30.1:
    optional: true

  lightningcss-linux-x64-gnu@1.30.1:
    optional: true

  lightningcss-linux-x64-musl@1.30.1:
    optional: true

  lightningcss-win32-arm64-msvc@1.30.1:
    optional: true

  lightningcss-win32-x64-msvc@1.30.1:
    optional: true

  lightningcss@1.30.1:
    dependencies:
      detect-libc: 2.0.4
    optionalDependencies:
      lightningcss-darwin-arm64: 1.30.1
      lightningcss-darwin-x64: 1.30.1
      lightningcss-freebsd-x64: 1.30.1
      lightningcss-linux-arm-gnueabihf: 1.30.1
      lightningcss-linux-arm64-gnu: 1.30.1
      lightningcss-linux-arm64-musl: 1.30.1
      lightningcss-linux-x64-gnu: 1.30.1
      lightningcss-linux-x64-musl: 1.30.1
      lightningcss-win32-arm64-msvc: 1.30.1
      lightningcss-win32-x64-msvc: 1.30.1

  lodash.castarray@4.4.0: {}

  lodash.isplainobject@4.0.6: {}

  lodash.merge@4.6.2: {}

  magic-string@0.30.17:
    dependencies:
      '@jridgewell/sourcemap-codec': 1.5.0

  minipass@7.1.2: {}

  minizlib@3.0.2:
    dependencies:
      minipass: 7.1.2

  mkdirp@3.0.1: {}

  nanoid@3.3.11: {}

  picocolors@1.1.1: {}

  picomatch@4.0.2: {}

  postcss-selector-parser@6.0.10:
    dependencies:
      cssesc: 3.0.0
      util-deprecate: 1.0.2

  postcss@8.5.6:
    dependencies:
      nanoid: 3.3.11
      picocolors: 1.1.1
      source-map-js: 1.2.1

  rollup@4.44.0:
    dependencies:
      '@types/estree': 1.0.8
    optionalDependencies:
      '@rollup/rollup-android-arm-eabi': 4.44.0
      '@rollup/rollup-android-arm64': 4.44.0
      '@rollup/rollup-darwin-arm64': 4.44.0
      '@rollup/rollup-darwin-x64': 4.44.0
      '@rollup/rollup-freebsd-arm64': 4.44.0
      '@rollup/rollup-freebsd-x64': 4.44.0
      '@rollup/rollup-linux-arm-gnueabihf': 4.44.0
      '@rollup/rollup-linux-arm-musleabihf': 4.44.0
      '@rollup/rollup-linux-arm64-gnu': 4.44.0
      '@rollup/rollup-linux-arm64-musl': 4.44.0
      '@rollup/rollup-linux-loongarch64-gnu': 4.44.0
      '@rollup/rollup-linux-powerpc64le-gnu': 4.44.0
      '@rollup/rollup-linux-riscv64-gnu': 4.44.0
      '@rollup/rollup-linux-riscv64-musl': 4.44.0
      '@rollup/rollup-linux-s390x-gnu': 4.44.0
      '@rollup/rollup-linux-x64-gnu': 4.44.0
      '@rollup/rollup-linux-x64-musl': 4.44.0
      '@rollup/rollup-win32-arm64-msvc': 4.44.0
      '@rollup/rollup-win32-ia32-msvc': 4.44.0
      '@rollup/rollup-win32-x64-msvc': 4.44.0
      fsevents: 2.3.3

  source-map-js@1.2.1: {}

  tailwindcss@4.1.10: {}

  tapable@2.2.2: {}

  tar@7.4.3:
    dependencies:
      '@isaacs/fs-minipass': 4.0.1
      chownr: 3.0.0
      minipass: 7.1.2
      minizlib: 3.0.2
      mkdirp: 3.0.1
      yallist: 5.0.0

  tinyglobby@0.2.14:
    dependencies:
      fdir: 6.4.6(picomatch@4.0.2)
      picomatch: 4.0.2

  typescript@5.8.3: {}

  undici-types@7.8.0: {}

  util-deprecate@1.0.2: {}

  vite@7.0.0(@types/node@24.0.4)(jiti@2.4.2)(lightningcss@1.30.1):
    dependencies:
      esbuild: 0.25.5
      fdir: 6.4.6(picomatch@4.0.2)
      picomatch: 4.0.2
      postcss: 8.5.6
      rollup: 4.44.0
      tinyglobby: 0.2.14
    optionalDependencies:
      '@types/node': 24.0.4
      fsevents: 2.3.3
      jiti: 2.4.2
      lightningcss: 1.30.1

  yallist@5.0.0: {}
